# This file is autogenerated, do not edit; changes may be undone by the next 'dep ensure'.


[[projects]]
  name = "github.com/Sirupsen/logrus"
  packages = ["."]
  revision = "f006c2ac4710855cf0f916dd6b77acf6b048dc6e"
  version = "v1.0.3"

[[projects]]
  branch = "master"
  name = "golang.org/x/crypto"
  packages = ["ssh/terminal"]
  revision = "6a293f2d4b14b8e6d3f0539e383f6d0d30fce3fd"

[[projects]]
  branch = "master"
  name = "golang.org/x/exp"
  packages = ["io/spi","io/spi/driver"]
  revision = "be09b602c40b1028d91bf805b38a6f54741fc34d"

[[projects]]
  branch = "master"
  name = "golang.org/x/sys"
  packages = ["unix","windows"]
  revision = "1e2299c37cc91a509f1b12369872d27be0ce98a6"

[solve-meta]
  analyzer-name = "dep"
  analyzer-version = 1
  inputs-digest = "2632537540be17067265dfaef86e2a845136cc35d31ddf9e33728795537a2aa8"
  solver-name = "gps-cdcl"
  solver-version = 1
