# This file is autogenerated, do not edit; changes may be undone by the next 'dep ensure'.


[[projects]]
  name = "github.com/pkg/errors"
  packages = ["."]
  revision = "645ef00459ed84a119197bfb8d8205042c6df63d"
  version = "v0.8.0"

[[projects]]
  name = "periph.io/x/periph"
  packages = [
    ".",
    "conn",
    "conn/gpio",
    "conn/gpio/gpioreg",
    "conn/gpio/gpiostream",
    "conn/i2c",
    "conn/i2c/i2creg",
    "conn/pin",
    "conn/pin/pinreg",
    "conn/spi",
    "conn/spi/spireg",
    "devices",
    "host",
    "host/allwinner",
    "host/am335x",
    "host/bcm283x",
    "host/beagle/black",
    "host/beagle/bone",
    "host/beagle/green",
    "host/chip",
    "host/cpu",
    "host/distro",
    "host/fs",
    "host/odroidc1",
    "host/pine64",
    "host/pmem",
    "host/rpi",
    "host/sysfs",
    "host/videocore"
  ]
  revision = "9d35fc9a57c4bd99dc9560ceef69574dff4b966b"
  version = "v2.2.0"

[solve-meta]
  analyzer-name = "dep"
  analyzer-version = 1
  inputs-digest = "1458158ba9a2e0ac2a308ea053c5adb6b60339242d242978a3a634d5b7d27437"
  solver-name = "gps-cdcl"
  solver-version = 1
